<?xml version="1.0" encoding="utf-8"?>
<Project ToolsVersion="4.0" xmlns="http://schemas.microsoft.com/developer/msbuild/2003">
  <ItemGroup>
    <Filter Include="Source Files">
      <UniqueIdentifier>{4FC737F1-C7A5-4376-A066-2A32D752A2FF}</UniqueIdentifier>
      <Extensions>cpp;c;cc;cxx;def;odl;idl;hpj;bat;asm;asmx</Extensions>
    </Filter>
    <Filter Include="Header Files">
      <UniqueIdentifier>{93995380-89BD-4b04-88EB-625FBE52EBFB}</UniqueIdentifier>
      <Extensions>h;hh;hpp;hxx;hm;inl;inc;xsd</Extensions>
    </Filter>
    <Filter Include="Resource Files">
      <UniqueIdentifier>{67DA6AB6-F800-4c08-8B7A-83BB121AAD01}</UniqueIdentifier>
      <Extensions>rc;ico;cur;bmp;dlg;rc2;rct;bin;rgs;gif;jpg;jpeg;jpe;resx;tiff;tif;png;wav;mfcribbon-ms</Extensions>
    </Filter>
    <Filter Include="Header Files\resources">
      <UniqueIdentifier>{cc67021a-dc85-4ce4-877d-bdbc97729e63}</UniqueIdentifier>
    </Filter>
    <Filter Include="Source Files\resources">
      <UniqueIdentifier>{8a845cb7-72e2-4dbe-b72b-00b9fd700dc9}</UniqueIdentifier>
    </Filter>
    <Filter Include="Header Files\settings">
      <UniqueIdentifier>{2b7b344e-bb91-4990-9228-35b0cbf1996a}</UniqueIdentifier>
    </Filter>
    <Filter Include="Header Files\main_pages">
      <UniqueIdentifier>{19050448-c8a6-4268-a568-ef8c794e31ec}</UniqueIdentifier>
    </Filter>
    <Filter Include="Header Files\main_controls">
      <UniqueIdentifier>{93ebf850-6f66-49c1-88ee-92dca8b7f855}</UniqueIdentifier>
    </Filter>
    <Filter Include="Header Files\utils">
      <UniqueIdentifier>{e3023271-7aba-4e8c-98d4-310ee2a7f133}</UniqueIdentifier>
    </Filter>
    <Filter Include="Header Files\common">
      <UniqueIdentifier>{7ac5f7f8-262f-4add-a10a-5dfadd993605}</UniqueIdentifier>
    </Filter>
    <Filter Include="Header Files\control_items">
      <UniqueIdentifier>{11f0544f-e9bb-4391-b735-7160c3119bc5}</UniqueIdentifier>
    </Filter>
    <Filter Include="Source Files\main_pages">
      <UniqueIdentifier>{9279042c-f536-4082-884d-0aa28a1dfee4}</UniqueIdentifier>
    </Filter>
    <Filter Include="Source Files\main_controls">
      <UniqueIdentifier>{5a948eb6-97eb-4dfc-88c8-71819118cc1c}</UniqueIdentifier>
    </Filter>
    <Filter Include="Source Files\common">
      <UniqueIdentifier>{69fcd029-a549-4ec4-b246-b5cbe5b43fb6}</UniqueIdentifier>
    </Filter>
    <Filter Include="Source Files\common_items">
      <UniqueIdentifier>{d6885067-7b21-4b18-b481-5a32a2335c2f}</UniqueIdentifier>
    </Filter>
    <Filter Include="Source Files\utils">
      <UniqueIdentifier>{b2c0c409-b0fb-4648-9a39-939de9c72828}</UniqueIdentifier>
    </Filter>
    <Filter Include="Source Files\settings">
      <UniqueIdentifier>{d5e5daf4-d7b8-4292-976e-04eb09dc701a}</UniqueIdentifier>
    </Filter>
    <Filter Include="Header Files\biometric_view">
      <UniqueIdentifier>{93564e4c-3b73-4cd0-80f7-5b47755e5c58}</UniqueIdentifier>
    </Filter>
    <Filter Include="Source Files\biometric_view">
      <UniqueIdentifier>{cf426379-418e-4eff-9a33-50a41e64ddd1}</UniqueIdentifier>
    </Filter>
    <Filter Include="Header Files\resources\base">
      <UniqueIdentifier>{81d4fa56-fed9-4532-98a3-7bd0871ab423}</UniqueIdentifier>
    </Filter>
    <Filter Include="Header Files\resources\application">
      <UniqueIdentifier>{b010a97c-f3ff-496f-ba1b-00713ae8e7a5}</UniqueIdentifier>
    </Filter>
    <Filter Include="Header Files\resources\form">
      <UniqueIdentifier>{60331a95-9bb9-44b0-b1fe-a4eb793ad5e3}</UniqueIdentifier>
    </Filter>
    <Filter Include="Source Files\resources\base">
      <UniqueIdentifier>{5adb7add-001f-46d7-920d-88ecb6772ac8}</UniqueIdentifier>
    </Filter>
    <Filter Include="Source Files\resources\form">
      <UniqueIdentifier>{91abbf19-d972-45ca-8b43-1dc561ed3184}</UniqueIdentifier>
    </Filter>
    <Filter Include="Source Files\resources\application">
      <UniqueIdentifier>{b99786ac-2284-478d-b528-b8425e28e787}</UniqueIdentifier>
    </Filter>
    <Filter Include="Source Files\resources\profile_pages">
      <UniqueIdentifier>{66268bcc-7a63-4574-9d27-d82c6c64609a}</UniqueIdentifier>
    </Filter>
    <Filter Include="Source Files\resources\journal">
      <UniqueIdentifier>{04f84e13-5538-4cac-a3d0-504275921291}</UniqueIdentifier>
    </Filter>
    <Filter Include="Source Files\resources\survaillance">
      <UniqueIdentifier>{39124667-22c6-41e0-a984-59296a13e52c}</UniqueIdentifier>
    </Filter>
    <Filter Include="Source Files\resources\settings">
      <UniqueIdentifier>{1ce2f477-4fb6-48d3-a0bd-59dd763a4cb2}</UniqueIdentifier>
    </Filter>
    <Filter Include="Source Files\resources\users">
      <UniqueIdentifier>{4e3119e8-e88c-4716-bd2b-3e0ccc1737e5}</UniqueIdentifier>
    </Filter>
    <Filter Include="Header Files\resources\journal">
      <UniqueIdentifier>{eecbafd8-d224-4e16-a136-fc300ebc1110}</UniqueIdentifier>
    </Filter>
    <Filter Include="Header Files\resources\settings">
      <UniqueIdentifier>{834fa7f8-cfaf-4181-9d59-73bc6a8fb5c9}</UniqueIdentifier>
    </Filter>
    <Filter Include="Header Files\resources\users">
      <UniqueIdentifier>{c7fa3167-1b08-4615-a247-f4ec9ccf40dd}</UniqueIdentifier>
    </Filter>
    <Filter Include="Header Files\resources\locations">
      <UniqueIdentifier>{d6108ac1-8ed6-440b-b839-51ed8c9d1a1c}</UniqueIdentifier>
    </Filter>
    <Filter Include="Header Files\resources\profile">
      <UniqueIdentifier>{b0ad8bce-815c-480f-a20b-44b7d447d6b3}</UniqueIdentifier>
    </Filter>
  </ItemGroup>
  <ItemGroup>
    <ClCompile Include="bio_form.cpp">
      <Filter>Source Files</Filter>
    </ClCompile>
    <ClCompile Include="bio_application.cpp">
      <Filter>Source Files</Filter>
    </ClCompile>
    <ClCompile Include="stdafx.cpp">
      <Filter>Source Files</Filter>
    </ClCompile>
    <ClCompile Include="bio_view.cpp">
      <Filter>Source Files</Filter>
    </ClCompile>
    <ClCompile Include="bio_toolbar.cpp">
      <Filter>Source Files\main_controls</Filter>
    </ClCompile>
    <ClCompile Include="bio_listbook_utils.cpp">
      <Filter>Source Files\utils</Filter>
    </ClCompile>
    <ClCompile Include="bio_main_menu.cpp">
      <Filter>Source Files\main_controls</Filter>
    </ClCompile>
    <ClCompile Include="bio_personal_page.cpp">
      <Filter>Source Files\main_pages</Filter>
    </ClCompile>
    <ClCompile Include="bio_settings.cpp">
      <Filter>Source Files\settings</Filter>
    </ClCompile>
    <ClCompile Include="bio_properties_utils.cpp">
      <Filter>Source Files\utils</Filter>
    </ClCompile>
    <ClCompile Include="icon_loadable.cpp">
      <Filter>Source Files\common</Filter>
    </ClCompile>
    <ClCompile Include="main_bio_page.cpp">
      <Filter>Source Files\main_pages</Filter>
    </ClCompile>
    <ClCompile Include="tab_controller.cpp">
      <Filter>Source Files\common</Filter>
    </ClCompile>
    <ClCompile Include="tab_page.cpp">
      <Filter>Source Files\common</Filter>
    </ClCompile>
    <ClCompile Include="uapp_info_item.cpp">
      <Filter>Source Files\common_items</Filter>
    </ClCompile>
    <ClCompile Include="uinfo_item.cpp">
      <Filter>Source Files\common_items</Filter>
    </ClCompile>
    <ClCompile Include="uinfo_menu_item.cpp">
      <Filter>Source Files\common_items</Filter>
    </ClCompile>
    <ClCompile Include="usettings_info_item.cpp">
      <Filter>Source Files\common_items</Filter>
    </ClCompile>
    <ClCompile Include="bio_users_page.cpp">
      <Filter>Source Files\main_pages</Filter>
    </ClCompile>
    <ClCompile Include="bio_face_page.cpp">
      <Filter>Source Files\main_pages</Filter>
    </ClCompile>
    <ClCompile Include="bio_surveillance_page.cpp">
      <Filter>Source Files\main_pages</Filter>
    </ClCompile>
    <ClCompile Include="bio_journal_page.cpp">
      <Filter>Source Files\main_pages</Filter>
    </ClCompile>
    <ClCompile Include="bio_location_view.cpp">
      <Filter>Source Files\main_controls</Filter>
    </ClCompile>
    <ClCompile Include="bio_grid_settings.cpp">
      <Filter>Source Files\settings</Filter>
    </ClCompile>
    <ClCompile Include="bio_search_settings.cpp">
      <Filter>Source Files\settings</Filter>
    </ClCompile>
    <ClCompile Include="bio_grid_settings_resource.cpp">
      <Filter>Source Files\resources</Filter>
    </ClCompile>
    <ClCompile Include="common_utils.cpp">
      <Filter>Source Files\utils</Filter>
    </ClCompile>
    <ClCompile Include="bio_location_settings.cpp">
      <Filter>Source Files\settings</Filter>
    </ClCompile>
    <ClCompile Include="bio_properties.cpp">
      <Filter>Source Files\utils</Filter>
    </ClCompile>
    <ClCompile Include="wx_bio_face_streamer.cpp">
      <Filter>Source Files\biometric_view</Filter>
    </ClCompile>
    <ClCompile Include="wx_bio_face_view.cpp">
      <Filter>Source Files\biometric_view</Filter>
    </ClCompile>
    <ClCompile Include="wx_bio_view.cpp">
      <Filter>Source Files\biometric_view</Filter>
    </ClCompile>
    <ClCompile Include="bio_application_resource.cpp">
      <Filter>Source Files\resources\application</Filter>
    </ClCompile>
    <ClCompile Include="bio_control_resource.cpp">
      <Filter>Source Files\resources\base</Filter>
    </ClCompile>
    <ClCompile Include="bio_form_resources.cpp">
      <Filter>Source Files\resources\form</Filter>
    </ClCompile>
    <ClCompile Include="bio_main_menu_resource.cpp">
      <Filter>Source Files\resources\form</Filter>
    </ClCompile>
    <ClCompile Include="bio_face_resource.cpp">
      <Filter>Source Files\resources\profile_pages</Filter>
    </ClCompile>
    <ClCompile Include="bio_info_resource.cpp">
      <Filter>Source Files\resources\profile_pages</Filter>
    </ClCompile>
    <ClCompile Include="bio_journal_resource.cpp">
      <Filter>Source Files\resources\journal</Filter>
    </ClCompile>
    <ClCompile Include="bio_location_resource.cpp">
      <Filter>Source Files\resources\survaillance</Filter>
    </ClCompile>
    <ClCompile Include="bio_location_settings_resource.cpp">
      <Filter>Source Files\resources\survaillance</Filter>
    </ClCompile>
    <ClCompile Include="bio_personal_resource.cpp">
      <Filter>Source Files\resources\base</Filter>
    </ClCompile>
    <ClCompile Include="bio_profile_resource.cpp">
      <Filter>Source Files\resources\profile_pages</Filter>
    </ClCompile>
    <ClCompile Include="bio_search_settings_resource.cpp">
      <Filter>Source Files\resources\settings</Filter>
    </ClCompile>
    <ClCompile Include="bio_settings_resource.cpp">
      <Filter>Source Files\resources\settings</Filter>
    </ClCompile>
    <ClCompile Include="bio_surveillance_resource.cpp">
      <Filter>Source Files\resources\survaillance</Filter>
    </ClCompile>
    <ClCompile Include="bio_toolbar_resource.cpp">
      <Filter>Source Files\resources\form</Filter>
    </ClCompile>
    <ClCompile Include="bio_users_resource.cpp">
      <Filter>Source Files\resources\users</Filter>
    </ClCompile>
    <ClCompile Include="bio_list_model.cpp">
      <Filter>Source Files\utils</Filter>
    </ClCompile>
  </ItemGroup>
  <ItemGroup>
    <ClInclude Include="bio_application.hpp">
      <Filter>Header Files</Filter>
    </ClInclude>
    <ClInclude Include="bio_form.hpp">
      <Filter>Header Files</Filter>
    </ClInclude>
    <ClInclude Include="stdafx.h">
      <Filter>Header Files</Filter>
    </ClInclude>
    <ClInclude Include="bio_view.hpp">
      <Filter>Header Files</Filter>
    </ClInclude>
    <ClInclude Include="bio_toolbar.hpp">
      <Filter>Header Files\main_controls</Filter>
    </ClInclude>
    <ClInclude Include="bio_settings.hpp">
      <Filter>Header Files\settings</Filter>
    </ClInclude>
    <ClInclude Include="bio_main_menu.hpp">
      <Filter>Header Files\main_controls</Filter>
    </ClInclude>
    <ClInclude Include="bio_personal_page.hpp">
      <Filter>Header Files\main_pages</Filter>
    </ClInclude>
    <ClInclude Include="bio_main_menu_utils.hpp">
      <Filter>Header Files\utils</Filter>
    </ClInclude>
    <ClInclude Include="bio_listbook_utils.hpp">
      <Filter>Header Files\utils</Filter>
    </ClInclude>
    <ClInclude Include="bio_properties_utils.hpp">
      <Filter>Header Files\utils</Filter>
    </ClInclude>
    <ClInclude Include="icon_loadable.hpp">
      <Filter>Header Files\common</Filter>
    </ClInclude>
    <ClInclude Include="main_bio_page.hpp">
      <Filter>Header Files\main_pages</Filter>
    </ClInclude>
    <ClInclude Include="tab_controller.hpp">
      <Filter>Header Files\common</Filter>
    </ClInclude>
    <ClInclude Include="tab_page.hpp">
      <Filter>Header Files\common</Filter>
    </ClInclude>
    <ClInclude Include="uapp_info_item.hpp">
      <Filter>Header Files\control_items</Filter>
    </ClInclude>
    <ClInclude Include="uinfo_item.hpp">
      <Filter>Header Files\control_items</Filter>
    </ClInclude>
    <ClInclude Include="uinfo_menu_item.hpp">
      <Filter>Header Files\control_items</Filter>
    </ClInclude>
    <ClInclude Include="usettings_info_item.hpp">
      <Filter>Header Files\control_items</Filter>
    </ClInclude>
    <ClInclude Include="bio_users_page.hpp">
      <Filter>Header Files\main_pages</Filter>
    </ClInclude>
    <ClInclude Include="bio_face_page.hpp">
      <Filter>Header Files\main_pages</Filter>
    </ClInclude>
    <ClInclude Include="bio_surveillance_page.hpp">
      <Filter>Header Files\main_pages</Filter>
    </ClInclude>
    <ClInclude Include="bio_journal_page.hpp">
      <Filter>Header Files\main_pages</Filter>
    </ClInclude>
    <ClInclude Include="bio_location_view.hpp">
      <Filter>Header Files\main_controls</Filter>
    </ClInclude>
    <ClInclude Include="bio_grid_settings.hpp">
      <Filter>Header Files\settings</Filter>
    </ClInclude>
    <ClInclude Include="iui_subscrible.hpp">
      <Filter>Header Files\utils</Filter>
    </ClInclude>
    <ClInclude Include="bio_search_settings.hpp">
      <Filter>Header Files\settings</Filter>
    </ClInclude>
    <ClInclude Include="bio_grid_settings_resource.hpp">
      <Filter>Header Files\resources</Filter>
    </ClInclude>
    <ClInclude Include="common_utils.hpp">
      <Filter>Header Files\utils</Filter>
    </ClInclude>
    <ClInclude Include="bio_location_settings.hpp">
      <Filter>Header Files\settings</Filter>
    </ClInclude>
    <ClInclude Include="ui_notifications.hpp">
      <Filter>Header Files\common</Filter>
    </ClInclude>
    <ClInclude Include="bio_properties.hpp">
      <Filter>Header Files\utils</Filter>
    </ClInclude>
    <ClInclude Include="wx_bio_face_streamer.hpp">
      <Filter>Header Files\biometric_view</Filter>
    </ClInclude>
    <ClInclude Include="wx_bio_face_view.hpp">
      <Filter>Header Files\biometric_view</Filter>
    </ClInclude>
    <ClInclude Include="wx_bio_view.hpp">
      <Filter>Header Files\biometric_view</Filter>
    </ClInclude>
    <ClInclude Include="wx_bio_view_zoom_slider.hpp">
      <Filter>Header Files\biometric_view</Filter>
    </ClInclude>
    <ClInclude Include="bio_control_resource.hpp">
      <Filter>Header Files\resources\base</Filter>
    </ClInclude>
    <ClInclude Include="bio_application_resource.hpp">
      <Filter>Header Files\resources\application</Filter>
    </ClInclude>
    <ClInclude Include="bio_form_resources.hpp">
      <Filter>Header Files\resources\form</Filter>
    </ClInclude>
    <ClInclude Include="bio_resources.hpp">
      <Filter>Header Files\resources\base</Filter>
    </ClInclude>
    <ClInclude Include="bio_main_menu_resource.hpp">
      <Filter>Header Files\resources\form</Filter>
    </ClInclude>
    <ClInclude Include="bio_toolbar_resource.hpp">
      <Filter>Header Files\resources\form</Filter>
    </ClInclude>
    <ClInclude Include="bio_journal_resource.hpp">
      <Filter>Header Files\resources\journal</Filter>
    </ClInclude>
    <ClInclude Include="bio_settings_resource.hpp">
      <Filter>Header Files\resources\settings</Filter>
    </ClInclude>
    <ClInclude Include="bio_search_settings_resource.hpp">
      <Filter>Header Files\resources\settings</Filter>
    </ClInclude>
    <ClInclude Include="bio_location_settings_resource.hpp">
      <Filter>Header Files\resources\locations</Filter>
    </ClInclude>
    <ClInclude Include="bio_location_resource.hpp">
      <Filter>Header Files\resources\locations</Filter>
    </ClInclude>
    <ClInclude Include="bio_personal_resource.hpp">
      <Filter>Header Files\resources\profile</Filter>
    </ClInclude>
    <ClInclude Include="bio_face_resource.hpp">
      <Filter>Header Files\resources\profile</Filter>
    </ClInclude>
    <ClInclude Include="bio_info_resource.hpp">
      <Filter>Header Files\resources\profile</Filter>
    </ClInclude>
    <ClInclude Include="bio_profile_resource.hpp">
      <Filter>Header Files\resources\profile</Filter>
    </ClInclude>
    <ClInclude Include="bio_users_resource.hpp">
      <Filter>Header Files\resources\users</Filter>
    </ClInclude>
    <ClInclude Include="bio_surveillance_resource.hpp">
      <Filter>Header Files\resources\locations</Filter>
    </ClInclude>
    <ClInclude Include="bio_list_model.hpp">
      <Filter>Header Files\utils</Filter>
    </ClInclude>
  </ItemGroup>
</Project>